
Microsoft Visual Studio Solution File, Format Version 12.00
# Visual Studio Version 16
VisualStudioVersion = 16.0.30320.27
MinimumVisualStudioVersion = 10.0.40219.1
Project("{FAE04EC0-301F-11D3-BF4B-00C04F79EFBC}") = "Obstacol", "Obstacol\Obstacol.csproj", "{B5020100-E3A7-4293-BB67-B2C6E0663E67}"
EndProject
Global
	GlobalSection(SolutionConfigurationPlatforms) = preSolution
		Debug|Any CPU = Debug|Any CPU
		Release|Any CPU = Release|Any CPU
	EndGlobalSection
	GlobalSection(ProjectConfigurationPlatforms) = postSolution
		{B5020100-E3A7-4293-BB67-B2C6E0663E67}.Debug|Any CPU.ActiveCfg = Debug|Any CPU
		{B5020100-E3A7-4293-BB67-B2C6E0663E67}.Debug|Any CPU.Build.0 = Debug|Any CPU
		{B5020100-E3A7-4293-BB67-B2C6E0663E67}.Release|Any CPU.ActiveCfg = Release|Any CPU
		{B5020100-E3A7-4293-BB67-B2C6E0663E67}.Release|Any CPU.Build.0 = Release|Any CPU
	EndGlobalSection
	GlobalSection(SolutionProperties) = preSolution
		HideSolutionNode = FALSE
	EndGlobalSection
	GlobalSection(ExtensibilityGlobals) = postSolution
		SolutionGuid = {0F57256F-B88F-4F42-91BE-E4632710B2EA}
	EndGlobalSection
EndGlobal
